// !$*UTF8*$!
{
	archiveVersion = 1;
	classes = {
	};
	objectVersion = 46;
	objects = {

/* Begin PBXBuildFile section */
		763CCE0520620C0F00FF99BA /* AppDelegate.swift in Sources */ = {isa = PBXBuildFile; fileRef = 763CCE0420620C0F00FF99BA /* AppDelegate.swift */; };
		763CCE0720620C0F00FF99BA /* ViewController.swift in Sources */ = {isa = PBXBuildFile; fileRef = 763CCE0620620C0F00FF99BA /* ViewController.swift */; };
		763CCE0A20620C0F00FF99BA /* Main.storyboard in Resources */ = {isa = PBXBuildFile; fileRef = 763CCE0820620C0F00FF99BA /* Main.storyboard */; };
		763CCE0C20620C1000FF99BA /* Assets.xcassets in Resources */ = {isa = PBXBuildFile; fileRef = 763CCE0B20620C1000FF99BA /* Assets.xcassets */; };
		763CCE0F20620C1000FF99BA /* LaunchScreen.storyboard in Resources */ = {isa = PBXBuildFile; fileRef = 763CCE0D20620C1000FF99BA /* LaunchScreen.storyboard */; };
		763CCE1720620EF600FF99BA /* File.swift in Sources */ = {isa = PBXBuildFile; fileRef = 763CCE1620620EF600FF99BA /* File.swift */; };
/* End PBXBuildFile section */

/* Begin PBXFileReference section */
		763CCE0120620C0F00FF99BA /* Factorial.app */ = {isa = PBXFileReference; explicitFileType = wrapper.application; includeInIndex = 0; path = Factorial.app; sourceTree = BUILT_PRODUCTS_DIR; };
		763CCE0420620C0F00FF99BA /* AppDelegate.swift */ = {isa = PBXFileReference; lastKnownFileType = sourcecode.swift; path = AppDelegate.swift; sourceTree = "<group>"; };
		763CCE0620620C0F00FF99BA /* ViewController.swift */ = {isa = PBXFileReference; lastKnownFileType = sourcecode.swift; path = ViewController.swift; sourceTree = "<group>"; };
		763CCE0920620C0F00FF99BA /* Base */ = {isa = PBXFileReference; lastKnownFileType = file.storyboard; name = Base; path = Base.lproj/Main.storyboard; sourceTree = "<group>"; };
		763CCE0B20620C1000FF99BA /* Assets.xcassets */ = {isa = PBXFileReference; lastKnownFileType = folder.assetcatalog; path = Assets.xcassets; sourceTree = "<group>"; };
		763CCE0E20620C1000FF99BA /* Base */ = {isa = PBXFileReference; lastKnownFileType = file.storyboard; name = Base; path = Base.lproj/LaunchScreen.storyboard; sourceTree = "<group>"; };
		763CCE1020620C1000FF99BA /* Info.plist */ = {isa = PBXFileReference; lastKnownFileType = text.plist.xml; path = Info.plist; sourceTree = "<group>"; };
		763CCE1620620EF600FF99BA /* File.swift */ = {isa = PBXFileReference; fileEncoding = 4; lastKnownFileType = sourcecode.swift; path = File.swift; sourceTree = "<group>"; };
/* End PBXFileReference section */

/* Begin PBXFrameworksBuildPhase section */
		763CCDFE20620C0F00FF99BA /* Frameworks */ = {
			isa = PBXFrameworksBuildPhase;
			buildActionMask = 2147483647;
			files = (
			);
			runOnlyForDeploymentPostprocessing = 0;
		};
/* End PBXFrameworksBuildPhase section */

/* Begin PBXGroup section */
		763CCDF820620C0F00FF99BA = {
			isa = PBXGroup;
			children = (
				763CCE0320620C0F00FF99BA /* Factorial */,
				763CCE0220620C0F00FF99BA /* Products */,
			);
			sourceTree = "<group>";
		};
		763CCE0220620C0F00FF99BA /* Products */ = {
			isa = PBXGroup;
			children = (
				763CCE0120620C0F00FF99BA /* Factorial.app */,
			);
			name = Products;
			sourceTree = "<group>";
		};
		763CCE0320620C0F00FF99BA /* Factorial */ = {
			isa = PBXGroup;
			children = (
				763CCE0420620C0F00FF99BA /* AppDelegate.swift */,
				763CCE0620620C0F00FF99BA /* ViewController.swift */,
				763CCE0820620C0F00FF99BA /* Main.storyboard */,
				763CCE1620620EF600FF99BA /* File.swift */,
				763CCE0B20620C1000FF99BA /* Assets.xcassets */,
				763CCE0D20620C1000FF99BA /* LaunchScreen.storyboard */,
				763CCE1020620C1000FF99BA /* Info.plist */,
			);
			path = Factorial;
			sourceTree = "<group>";
		};
/* End PBXGroup section */

/* Begin PBXNativeTarget section */
		763CCE0020620C0F00FF99BA /* Factorial */ = {
			isa = PBXNativeTarget;
			buildConfigurationList = 763CCE1320620C1000FF99BA /* Build configuration list for PBXNativeTarget "Factorial" */;
			buildPhases = (
				763CCDFD20620C0F00FF99BA /* Sources */,
				763CCDFE20620C0F00FF99BA /* Frameworks */,
				763CCDFF20620C0F00FF99BA /* Resources */,
			);
			buildRules = (
			);
			dependencies = (
			);
			name = Factorial;
			productName = Factorial;
			productReference = 763CCE0120620C0F00FF99BA /* Factorial.app */;
			productType = "com.apple.product-type.application";
		};
/* End PBXNativeTarget section */

/* Begin PBXProject section */
		763CCDF920620C0F00FF99BA /* Project object */ = {
			isa = PBXProject;
			attributes = {
				LastSwiftUpdateCheck = 0830;
				LastUpgradeCheck = 0830;
				ORGANIZATIONNAME = "Have a Mission";
				TargetAttributes = {
					763CCE0020620C0F00FF99BA = {
						CreatedOnToolsVersion = 8.3.3;
						ProvisioningStyle = Automatic;
					};
				};
			};
			buildConfigurationList = 763CCDFC20620C0F00FF99BA /* Build configuration list for PBXProject "Factorial" */;
			compatibilityVersion = "Xcode 3.2";
			developmentRegion = English;
			hasScannedForEncodings = 0;
			knownRegions = (
				en,
				Base,
			);
			mainGroup = 763CCDF820620C0F00FF99BA;
			productRefGroup = 763CCE0220620C0F00FF99BA /* Products */;
			projectDirPath = "";
			projectRoot = "";
			targets = (
				763CCE0020620C0F00FF99BA /* Factorial */,
			);
		};
/* End PBXProject section */

/* Begin PBXResourcesBuildPhase section */
		763CCDFF20620C0F00FF99BA /* Resources */ = {
			isa = PBXResourcesBuildPhase;
			buildActionMask = 2147483647;
			files = (
				763CCE0F20620C1000FF99BA /* LaunchScreen.storyboard in Resources */,
				763CCE0C20620C1000FF99BA /* Assets.xcassets in Resources */,
				763CCE0A20620C0F00FF99BA /* Main.storyboard in Resources */,
			);
			runOnlyForDeploymentPostprocessing = 0;
		};
/* End PBXResourcesBuildPhase section */

/* Begin PBXSourcesBuildPhase section */
		763CCDFD20620C0F00FF99BA /* Sources */ = {
			isa = PBXSourcesBuildPhase;
			buildActionMask = 2147483647;
			files = (
				763CCE0720620C0F00FF99BA /* ViewController.swift in Sources */,
				763CCE1720620EF600FF99BA /* File.swift in Sources */,
				763CCE0520620C0F00FF99BA /* AppDelegate.swift in Sources */,
			);
			runOnlyForDeploymentPostprocessing = 0;
		};
/* End PBXSourcesBuildPhase section */

/* Begin PBXVariantGroup section */
		763CCE0820620C0F00FF99BA /* Main.storyboard */ = {
			isa = PBXVariantGroup;
			children = (
				763CCE0920620C0F00FF99BA /* Base */,
			);
			name = Main.storyboard;
			sourceTree = "<group>";
		};
		763CCE0D20620C1000FF99BA /* LaunchScreen.storyboard */ = {
			isa = PBXVariantGroup;
			children = (
				763CCE0E20620C1000FF99BA /* Base */,
			);
			name = LaunchScreen.storyboard;
			sourceTree = "<group>";
		};
/* End PBXVariantGroup section */

/* Begin XCBuildConfiguration section */
		763CCE1120620C1000FF99BA /* Debug */ = {
			isa = XCBuildConfiguration;
			buildSettings = {
				ALWAYS_SEARCH_USER_PATHS = NO;
				CLANG_ANALYZER_NONNULL = YES;
				CLANG_ANALYZER_NUMBER_OBJECT_CONVERSION = YES_AGGRESSIVE;
				CLANG_CXX_LANGUAGE_STANDARD = "gnu++0x";
				CLANG_CXX_LIBRARY = "libc++";
				CLANG_ENABLE_MODULES = YES;
				CLANG_ENABLE_OBJC_ARC = YES;
				CLANG_WARN_BOOL_CONVERSION = YES;
				CLANG_WARN_CONSTANT_CONVERSION = YES;
				CLANG_WARN_DIRECT_OBJC_ISA_USAGE = YES_ERROR;
				CLANG_WARN_DOCUMENTATION_COMMENTS = YES;
				CLANG_WARN_EMPTY_BODY = YES;
				CLANG_WARN_ENUM_CONVERSION = YES;
				CLANG_WARN_INFINITE_RECURSION = YES;
				CLANG_WARN_INT_CONVERSION = YES;
				CLANG_WARN_OBJC_ROOT_CLASS = YES_ERROR;
				CLANG_WARN_SUSPICIOUS_MOVE = YES;
				CLANG_WARN_UNREACHABLE_CODE = YES;
				CLANG_WARN__DUPLICATE_METHOD_MATCH = YES;
				"CODE_SIGN_IDENTITY[sdk=iphoneos*]" = "iPhone Developer";
				COPY_PHASE_STRIP = NO;
				DEBUG_INFORMATION_FORMAT = dwarf;
				ENABLE_STRICT_OBJC_MSGSEND = YES;
				ENABLE_TESTABILITY = YES;
				GCC_C_LANGUAGE_STANDARD = gnu99;
				GCC_DYNAMIC_NO_PIC = NO;
				GCC_NO_COMMON_BLOCKS = YES;
				GCC_OPTIMIZATION_LEVEL = 0;
				GCC_PREPROCESSOR_DEFINITIONS = (
					"DEBUG=1",
					"$(inherited)",
				);
				GCC_WARN_64_TO_32_BIT_CONVERSION = YES;
				GCC_WARN_ABOUT_RETURN_TYPE = YES_ERROR;
				GCC_WARN_UNDECLARED_SELECTOR = YES;
				GCC_WARN_UNINITIALIZED_AUTOS = YES_AGGRESSIVE;
				GCC_WARN_UNUSED_FUNCTION = YES;
				GCC_WARN_UNUSED_VARIABLE = YES;
				IPHONEOS_DEPLOYMENT_TARGET = 10.3;
				MTL_ENABLE_DEBUG_INFO = YES;
				ONLY_ACTIVE_ARCH = YES;
				SDKROOT = iphoneos;
				SWIFT_ACTIVE_COMPILATION_CONDITIONS = DEBUG;
				SWIFT_OPTIMIZATION_LEVEL = "-Onone";
				TARGETED_DEVICE_FAMILY = "1,2";
			};
			name = Debug;
		};
		763CCE1220620C1000FF99BA /* Release */ = {
			isa = XCBuildConfiguration;
			buildSettings = {
				ALWAYS_SEARCH_USER_PATHS = NO;
				CLANG_ANALYZER_NONNULL = YES;
				CLANG_ANALYZER_NUMBER_OBJECT_CONVERSION = YES_AGGRESSIVE;
				CLANG_CXX_LANGUAGE_STANDARD = "gnu++0x";
				CLANG_CXX_LIBRARY = "libc++";
				CLANG_ENABLE_MODULES = YES;
				CLANG_ENABLE_OBJC_ARC = YES;
				CLANG_WARN_BOOL_CONVERSION = YES;
				CLANG_WARN_CONSTANT_CONVERSION = YES;
				CLANG_WARN_DIRECT_OBJC_ISA_USAGE = YES_ERROR;
				CLANG_WARN_DOCUMENTATION_COMMENTS = YES;
				CLANG_WARN_EMPTY_BODY = YES;
				CLANG_WARN_ENUM_CONVERSION = YES;
				CLANG_WARN_INFINITE_RECURSION = YES;
				CLANG_WARN_INT_CONVERSION = YES;
				CLANG_WARN_OBJC_ROOT_CLASS = YES_ERROR;
				CLANG_WARN_SUSPICIOUS_MOVE = YES;
				CLANG_WARN_UNREACHABLE_CODE = YES;
				CLANG_WARN__DUPLICATE_METHOD_MATCH = YES;
				"CODE_SIGN_IDENTITY[sdk=iphoneos*]" = "iPhone Developer";
				COPY_PHASE_STRIP = NO;
				DEBUG_INFORMATION_FORMAT = "dwarf-with-dsym";
				ENABLE_NS_ASSERTIONS = NO;
				ENABLE_STRICT_OBJC_MSGSEND = YES;
				GCC_C_LANGUAGE_STANDARD = gnu99;
				GCC_NO_COMMON_BLOCKS = YES;
				GCC_WARN_64_TO_32_BIT_CONVERSION = YES;
				GCC_WARN_ABOUT_RETURN_TYPE = YES_ERROR;
				GCC_WARN_UNDECLARED_SELECTOR = YES;
				GCC_WARN_UNINITIALIZED_AUTOS = YES_AGGRESSIVE;
				GCC_WARN_UNUSED_FUNCTION = YES;
				GCC_WARN_UNUSED_VARIABLE = YES;
				IPHONEOS_DEPLOYMENT_TARGET = 10.3;
				MTL_ENABLE_DEBUG_INFO = NO;
				SDKROOT = iphoneos;
				SWIFT_OPTIMIZATION_LEVEL = "-Owholemodule";
				TARGETED_DEVICE_FAMILY = "1,2";
				VALIDATE_PRODUCT = YES;
			};
			name = Release;
		};
		763CCE1420620C1000FF99BA /* Debug */ = {
			isa = XCBuildConfiguration;
			buildSettings = {
				ASSETCATALOG_COMPILER_APPICON_NAME = AppIcon;
				INFOPLIST_FILE = Factorial/Info.plist;
				LD_RUNPATH_SEARCH_PATHS = "$(inherited) @executable_path/Frameworks";
				PRODUCT_BUNDLE_IDENTIFIER = adel.Factorial;
				PRODUCT_NAME = "$(TARGET_NAME)";
				SWIFT_VERSION = 3.0;
			};
			name = Debug;
		};
		763CCE1520620C1000FF99BA /* Release */ = {
			isa = XCBuildConfiguration;
			buildSettings = {
				ASSETCATALOG_COMPILER_APPICON_NAME = AppIcon;
				INFOPLIST_FILE = Factorial/Info.plist;
				LD_RUNPATH_SEARCH_PATHS = "$(inherited) @executable_path/Frameworks";
				PRODUCT_BUNDLE_IDENTIFIER = adel.Factorial;
				PRODUCT_NAME = "$(TARGET_NAME)";
				SWIFT_VERSION = 3.0;
			};
			name = Release;
		};
/* End XCBuildConfiguration section */

/* Begin XCConfigurationList section */
		763CCDFC20620C0F00FF99BA /* Build configuration list for PBXProject "Factorial" */ = {
			isa = XCConfigurationList;
			buildConfigurations = (
				763CCE1120620C1000FF99BA /* Debug */,
				763CCE1220620C1000FF99BA /* Release */,
			);
			defaultConfigurationIsVisible = 0;
			defaultConfigurationName = Release;
		};
		763CCE1320620C1000FF99BA /* Build configuration list for PBXNativeTarget "Factorial" */ = {
			isa = XCConfigurationList;
			buildConfigurations = (
				763CCE1420620C1000FF99BA /* Debug */,
				763CCE1520620C1000FF99BA /* Release */,
			);
			defaultConfigurationIsVisible = 0;
		};
/* End XCConfigurationList section */
	};
	rootObject = 763CCDF920620C0F00FF99BA /* Project object */;
}
